PODS:
  - Flutter (1.0.0)
  - g_faraday (0.0.1):
    - Flutter

DEPENDENCIES:
  - Flutter (from `Flutter`)
  - g_faraday (from `.symlinks/plugins/g_faraday/ios`)

EXTERNAL SOURCES:
  Flutter:
    :path: Flutter
  g_faraday:
    :path: ".symlinks/plugins/g_faraday/ios"

SPEC CHECKSUMS:
  Flutter: cabc95a1d2626b1b06e7179b784ebcf0c0cde467
  g_faraday: cebd01f770d7b2bfd34c48235781bdd7f54a67f3

PODFILE CHECKSUM: 7322f508d4a3e726d819e748fe87ab8d573b76ce

COCOAPODS: 1.16.2
