PODS:
  - Flutter (1.0.0)
  - g_faraday (0.0.1):
    - Flutter

DEPENDENCIES:
  - Flutter (from `Flutter`)
  - g_faraday (from `.symlinks/plugins/g_faraday/ios`)

EXTERNAL SOURCES:
  Flutter:
    :path: Flutter
  g_faraday:
    :path: ".symlinks/plugins/g_faraday/ios"

SPEC CHECKSUMS:
  Flutter: 0e3d915762c693b495b44d77113d4970485de6ec
  g_faraday: 46dbbcb8a244f807c0ff1f5f1a4c9849449765e9

PODFILE CHECKSUM: 324709033fdbc1fa744dac75dde748e9cf475d50

COCOAPODS: 1.10.0
